{
  "nodes": {
    "lowdown-src": {
      "flake": false,
      "locked": {
        "lastModified": 1598695561,
        "narHash": "sha256-gyH/5j+h/nWw0W8AcR2WKvNBUsiQ7QuxqSJNXAwV+8E=",
        "owner": "kristapsdz",
        "repo": "lowdown",
        "rev": "1705b4a26fbf065d9574dce47a94e8c7c79e052f",
        "type": "github"
      },
      "original": {
        "owner": "kristapsdz",
        "repo": "lowdown",
        "type": "github"
      }
    },
    "nix": {
      "inputs": {
        "lowdown-src": "lowdown-src",
        "nixpkgs": "nixpkgs"
      },
      "locked": {
        "lastModified": 1604400356,
        "narHash": "sha256-PX1cSYv0Y6I2tidcuEwJTo8X5vAvf9vjdfHO51LD/J0=",
        "owner": "NixOS",
        "repo": "nix",
        "rev": "cf82e14712b3be881b7c880468cd5486e8934638",
        "type": "github"
      },
      "original": {
        "owner": "NixOS",
        "repo": "nix",
        "type": "github"
      }
    },
    "nixpkgs": {
      "locked": {
        "lastModified": 1602702596,
        "narHash": "sha256-fqJ4UgOb4ZUnCDIapDb4gCrtAah5Rnr2/At3IzMitig=",
        "owner": "NixOS",
        "repo": "nixpkgs",
        "rev": "ad0d20345219790533ebe06571f82ed6b034db31",
        "type": "github"
      },
      "original": {
        "id": "nixpkgs",
        "ref": "nixos-20.09-small",
        "type": "indirect"
      }
    },
    "nixpkgs_2": {
      "locked": {
        "lastModified": 1604368813,
        "narHash": "sha256-UOLaURSO448k+4bGJlaSMYeo2F5F6CuFo9VoYDkhmsk=",
        "owner": "NixOS",
        "repo": "nixpkgs",
        "rev": "d105075a1fd870b1d1617a6008cb38b443e65433",
        "type": "github"
      },
      "original": {
        "owner": "NixOS",
        "ref": "nixos-20.09",
        "repo": "nixpkgs",
        "type": "github"
      }
    },
    "root": {
      "inputs": {
        "nix": "nix",
        "nixpkgs": "nixpkgs_2",
        "utils": "utils"
      }
    },
    "utils": {
      "locked": {
        "lastModified": 1601282935,
        "narHash": "sha256-WQAFV6sGGQxrRs3a+/Yj9xUYvhTpukQJIcMbIi7LCJ4=",
        "owner": "numtide",
        "repo": "flake-utils",
        "rev": "588973065fce51f4763287f0fda87a174d78bf48",
        "type": "github"
      },
      "original": {
        "owner": "numtide",
        "repo": "flake-utils",
        "type": "github"
      }
    }
  },
  "root": "root",
  "version": 7
}
